// !$*UTF8*$!
{
	archiveVersion = 1;
	classes = {
	};
	objectVersion = 46;
	objects = {

/* Begin PBXBuildFile section */
		3E31D6073293639C976EBF6F /* Pods_PurpleGiftCandy.framework in Frameworks */ = {isa = PBXBuildFile; fileRef = 1E96ACA3FB8542710CC630E5 /* Pods_PurpleGiftCandy.framework */; };
		FEA6028C1CAAEDFD00904CCF /* OccasionTableViewCell.swift in Sources */ = {isa = PBXBuildFile; fileRef = FEA6028B1CAAEDFD00904CCF /* OccasionTableViewCell.swift */; };
		FEA6028E1CAAF03F00904CCF /* OccasionsTableViewController.swift in Sources */ = {isa = PBXBuildFile; fileRef = FEA6028D1CAAF03F00904CCF /* OccasionsTableViewController.swift */; };
		FEA602901CAAF06E00904CCF /* Occasion.swift in Sources */ = {isa = PBXBuildFile; fileRef = FEA6028F1CAAF06E00904CCF /* Occasion.swift */; };
		FEA602921CAB012200904CCF /* Gift.swift in Sources */ = {isa = PBXBuildFile; fileRef = FEA602911CAB012200904CCF /* Gift.swift */; };
		FEA602931CAB012200904CCF /* Gift.swift in Sources */ = {isa = PBXBuildFile; fileRef = FEA602911CAB012200904CCF /* Gift.swift */; };
		FEA602951CAB06B600904CCF /* GiftFeedTableViewCell.swift in Sources */ = {isa = PBXBuildFile; fileRef = FEA602941CAB06B600904CCF /* GiftFeedTableViewCell.swift */; };
		FEA602971CAB077C00904CCF /* FeedsTableViewController.swift in Sources */ = {isa = PBXBuildFile; fileRef = FEA602961CAB077C00904CCF /* FeedsTableViewController.swift */; };
		FEA602991CAB2D6200904CCF /* User.swift in Sources */ = {isa = PBXBuildFile; fileRef = FEA602981CAB2D6200904CCF /* User.swift */; };
		FEA6029A1CAB2D6200904CCF /* User.swift in Sources */ = {isa = PBXBuildFile; fileRef = FEA602981CAB2D6200904CCF /* User.swift */; };
		FEA6029D1CAB355800904CCF /* Utils.swift in Sources */ = {isa = PBXBuildFile; fileRef = FEA6029C1CAB355800904CCF /* Utils.swift */; };
		FEA6029F1CAB385B00904CCF /* ProfileViewController.swift in Sources */ = {isa = PBXBuildFile; fileRef = FEA6029E1CAB385B00904CCF /* ProfileViewController.swift */; };
		FEA602A11CAB5CC500904CCF /* FriendsTableViewCell.swift in Sources */ = {isa = PBXBuildFile; fileRef = FEA602A01CAB5CC500904CCF /* FriendsTableViewCell.swift */; };
		FEA602A31CAB5D9000904CCF /* FriendsTableViewController.swift in Sources */ = {isa = PBXBuildFile; fileRef = FEA602A21CAB5D9000904CCF /* FriendsTableViewController.swift */; };
		FEA602A51CAB782F00904CCF /* OccasionViewController.swift in Sources */ = {isa = PBXBuildFile; fileRef = FEA602A41CAB782F00904CCF /* OccasionViewController.swift */; };
		FEA602A81CACE35A00904CCF /* NewGiftViewController.swift in Sources */ = {isa = PBXBuildFile; fileRef = FEA602A71CACE35A00904CCF /* NewGiftViewController.swift */; };
		FEA602AA1CACF37E00904CCF /* SelectListTableViewController.swift in Sources */ = {isa = PBXBuildFile; fileRef = FEA602A91CACF37E00904CCF /* SelectListTableViewController.swift */; };
		FECAFCA21CAA408D00656E63 /* AppDelegate.swift in Sources */ = {isa = PBXBuildFile; fileRef = FECAFCA11CAA408D00656E63 /* AppDelegate.swift */; };
		FECAFCA41CAA408D00656E63 /* ViewController.swift in Sources */ = {isa = PBXBuildFile; fileRef = FECAFCA31CAA408D00656E63 /* ViewController.swift */; };
		FECAFCA71CAA408D00656E63 /* Main.storyboard in Resources */ = {isa = PBXBuildFile; fileRef = FECAFCA51CAA408D00656E63 /* Main.storyboard */; };
		FECAFCA91CAA408D00656E63 /* Assets.xcassets in Resources */ = {isa = PBXBuildFile; fileRef = FECAFCA81CAA408D00656E63 /* Assets.xcassets */; };
		FECAFCAC1CAA408D00656E63 /* LaunchScreen.storyboard in Resources */ = {isa = PBXBuildFile; fileRef = FECAFCAA1CAA408D00656E63 /* LaunchScreen.storyboard */; };
		FECAFCB71CAA408F00656E63 /* PurpleGiftCandyTests.swift in Sources */ = {isa = PBXBuildFile; fileRef = FECAFCB61CAA408F00656E63 /* PurpleGiftCandyTests.swift */; };
/* End PBXBuildFile section */

/* Begin PBXContainerItemProxy section */
		FECAFCB31CAA408F00656E63 /* PBXContainerItemProxy */ = {
			isa = PBXContainerItemProxy;
			containerPortal = FECAFC961CAA408C00656E63 /* Project object */;
			proxyType = 1;
			remoteGlobalIDString = FECAFC9D1CAA408C00656E63;
			remoteInfo = PurpleGiftCandy;
		};
/* End PBXContainerItemProxy section */

/* Begin PBXFileReference section */
		00C343BD611A412784CF9961 /* Pods-PurpleGiftCandy.release.xcconfig */ = {isa = PBXFileReference; includeInIndex = 1; lastKnownFileType = text.xcconfig; name = "Pods-PurpleGiftCandy.release.xcconfig"; path = "Pods/Target Support Files/Pods-PurpleGiftCandy/Pods-PurpleGiftCandy.release.xcconfig"; sourceTree = "<group>"; };
		1E96ACA3FB8542710CC630E5 /* Pods_PurpleGiftCandy.framework */ = {isa = PBXFileReference; explicitFileType = wrapper.framework; includeInIndex = 0; path = Pods_PurpleGiftCandy.framework; sourceTree = BUILT_PRODUCTS_DIR; };
		B9F72AB30D6F2EBDB6F5737D /* Pods-PurpleGiftCandy.debug.xcconfig */ = {isa = PBXFileReference; includeInIndex = 1; lastKnownFileType = text.xcconfig; name = "Pods-PurpleGiftCandy.debug.xcconfig"; path = "Pods/Target Support Files/Pods-PurpleGiftCandy/Pods-PurpleGiftCandy.debug.xcconfig"; sourceTree = "<group>"; };
		FEA6028B1CAAEDFD00904CCF /* OccasionTableViewCell.swift */ = {isa = PBXFileReference; fileEncoding = 4; lastKnownFileType = sourcecode.swift; path = OccasionTableViewCell.swift; sourceTree = "<group>"; };
		FEA6028D1CAAF03F00904CCF /* OccasionsTableViewController.swift */ = {isa = PBXFileReference; fileEncoding = 4; lastKnownFileType = sourcecode.swift; path = OccasionsTableViewController.swift; sourceTree = "<group>"; };
		FEA6028F1CAAF06E00904CCF /* Occasion.swift */ = {isa = PBXFileReference; fileEncoding = 4; lastKnownFileType = sourcecode.swift; path = Occasion.swift; sourceTree = "<group>"; };
		FEA602911CAB012200904CCF /* Gift.swift */ = {isa = PBXFileReference; fileEncoding = 4; lastKnownFileType = sourcecode.swift; path = Gift.swift; sourceTree = "<group>"; };
		FEA602941CAB06B600904CCF /* GiftFeedTableViewCell.swift */ = {isa = PBXFileReference; fileEncoding = 4; lastKnownFileType = sourcecode.swift; path = GiftFeedTableViewCell.swift; sourceTree = "<group>"; };
		FEA602961CAB077C00904CCF /* FeedsTableViewController.swift */ = {isa = PBXFileReference; fileEncoding = 4; lastKnownFileType = sourcecode.swift; path = FeedsTableViewController.swift; sourceTree = "<group>"; };
		FEA602981CAB2D6200904CCF /* User.swift */ = {isa = PBXFileReference; fileEncoding = 4; lastKnownFileType = sourcecode.swift; path = User.swift; sourceTree = "<group>"; };
		FEA6029C1CAB355800904CCF /* Utils.swift */ = {isa = PBXFileReference; fileEncoding = 4; lastKnownFileType = sourcecode.swift; path = Utils.swift; sourceTree = "<group>"; };
		FEA6029E1CAB385B00904CCF /* ProfileViewController.swift */ = {isa = PBXFileReference; fileEncoding = 4; lastKnownFileType = sourcecode.swift; path = ProfileViewController.swift; sourceTree = "<group>"; };
		FEA602A01CAB5CC500904CCF /* FriendsTableViewCell.swift */ = {isa = PBXFileReference; fileEncoding = 4; lastKnownFileType = sourcecode.swift; path = FriendsTableViewCell.swift; sourceTree = "<group>"; };
		FEA602A21CAB5D9000904CCF /* FriendsTableViewController.swift */ = {isa = PBXFileReference; fileEncoding = 4; lastKnownFileType = sourcecode.swift; path = FriendsTableViewController.swift; sourceTree = "<group>"; };
		FEA602A41CAB782F00904CCF /* OccasionViewController.swift */ = {isa = PBXFileReference; fileEncoding = 4; lastKnownFileType = sourcecode.swift; path = OccasionViewController.swift; sourceTree = "<group>"; };
		FEA602A61CAC8DD600904CCF /* Bridging.h */ = {isa = PBXFileReference; lastKnownFileType = sourcecode.c.h; path = Bridging.h; sourceTree = "<group>"; };
		FEA602A71CACE35A00904CCF /* NewGiftViewController.swift */ = {isa = PBXFileReference; fileEncoding = 4; lastKnownFileType = sourcecode.swift; path = NewGiftViewController.swift; sourceTree = "<group>"; };
		FEA602A91CACF37E00904CCF /* SelectListTableViewController.swift */ = {isa = PBXFileReference; fileEncoding = 4; lastKnownFileType = sourcecode.swift; path = SelectListTableViewController.swift; sourceTree = "<group>"; };
		FECAFC9E1CAA408D00656E63 /* PurpleGiftCandy.app */ = {isa = PBXFileReference; explicitFileType = wrapper.application; includeInIndex = 0; path = PurpleGiftCandy.app; sourceTree = BUILT_PRODUCTS_DIR; };
		FECAFCA11CAA408D00656E63 /* AppDelegate.swift */ = {isa = PBXFileReference; lastKnownFileType = sourcecode.swift; path = AppDelegate.swift; sourceTree = "<group>"; };
		FECAFCA31CAA408D00656E63 /* ViewController.swift */ = {isa = PBXFileReference; lastKnownFileType = sourcecode.swift; path = ViewController.swift; sourceTree = "<group>"; };
		FECAFCA61CAA408D00656E63 /* Base */ = {isa = PBXFileReference; lastKnownFileType = file.storyboard; name = Base; path = Base.lproj/Main.storyboard; sourceTree = "<group>"; };
		FECAFCA81CAA408D00656E63 /* Assets.xcassets */ = {isa = PBXFileReference; lastKnownFileType = folder.assetcatalog; path = Assets.xcassets; sourceTree = "<group>"; };
		FECAFCAB1CAA408D00656E63 /* Base */ = {isa = PBXFileReference; lastKnownFileType = file.storyboard; name = Base; path = Base.lproj/LaunchScreen.storyboard; sourceTree = "<group>"; };
		FECAFCAD1CAA408D00656E63 /* Info.plist */ = {isa = PBXFileReference; lastKnownFileType = text.plist.xml; path = Info.plist; sourceTree = "<group>"; };
		FECAFCB21CAA408F00656E63 /* PurpleGiftCandyTests.xctest */ = {isa = PBXFileReference; explicitFileType = wrapper.cfbundle; includeInIndex = 0; path = PurpleGiftCandyTests.xctest; sourceTree = BUILT_PRODUCTS_DIR; };
		FECAFCB61CAA408F00656E63 /* PurpleGiftCandyTests.swift */ = {isa = PBXFileReference; lastKnownFileType = sourcecode.swift; path = PurpleGiftCandyTests.swift; sourceTree = "<group>"; };
		FECAFCB81CAA408F00656E63 /* Info.plist */ = {isa = PBXFileReference; lastKnownFileType = text.plist.xml; path = Info.plist; sourceTree = "<group>"; };
/* End PBXFileReference section */

/* Begin PBXFrameworksBuildPhase section */
		FECAFC9B1CAA408C00656E63 /* Frameworks */ = {
			isa = PBXFrameworksBuildPhase;
			buildActionMask = 2147483647;
			files = (
				3E31D6073293639C976EBF6F /* Pods_PurpleGiftCandy.framework in Frameworks */,
			);
			runOnlyForDeploymentPostprocessing = 0;
		};
		FECAFCAF1CAA408F00656E63 /* Frameworks */ = {
			isa = PBXFrameworksBuildPhase;
			buildActionMask = 2147483647;
			files = (
			);
			runOnlyForDeploymentPostprocessing = 0;
		};
/* End PBXFrameworksBuildPhase section */

/* Begin PBXGroup section */
		A76A62D62A2FDBB80EDA56DD /* Frameworks */ = {
			isa = PBXGroup;
			children = (
				1E96ACA3FB8542710CC630E5 /* Pods_PurpleGiftCandy.framework */,
			);
			name = Frameworks;
			sourceTree = "<group>";
		};
		F1FCD8D421848DDF83BAC10A /* Pods */ = {
			isa = PBXGroup;
			children = (
				B9F72AB30D6F2EBDB6F5737D /* Pods-PurpleGiftCandy.debug.xcconfig */,
				00C343BD611A412784CF9961 /* Pods-PurpleGiftCandy.release.xcconfig */,
			);
			name = Pods;
			sourceTree = "<group>";
		};
		FEA602871CAAED7600904CCF /* Model */ = {
			isa = PBXGroup;
			children = (
				FEA6028F1CAAF06E00904CCF /* Occasion.swift */,
				FEA602911CAB012200904CCF /* Gift.swift */,
				FEA602981CAB2D6200904CCF /* User.swift */,
			);
			name = Model;
			sourceTree = "<group>";
		};
		FEA602881CAAEDB200904CCF /* View */ = {
			isa = PBXGroup;
			children = (
				FEA6028B1CAAEDFD00904CCF /* OccasionTableViewCell.swift */,
				FEA602941CAB06B600904CCF /* GiftFeedTableViewCell.swift */,
				FEA602A01CAB5CC500904CCF /* FriendsTableViewCell.swift */,
			);
			name = View;
			sourceTree = "<group>";
		};
		FEA602891CAAEDBE00904CCF /* Controller */ = {
			isa = PBXGroup;
			children = (
				FEA6028D1CAAF03F00904CCF /* OccasionsTableViewController.swift */,
				FEA602961CAB077C00904CCF /* FeedsTableViewController.swift */,
				FEA6029E1CAB385B00904CCF /* ProfileViewController.swift */,
				FEA602A21CAB5D9000904CCF /* FriendsTableViewController.swift */,
				FEA602A41CAB782F00904CCF /* OccasionViewController.swift */,
				FEA602A71CACE35A00904CCF /* NewGiftViewController.swift */,
				FEA602A91CACF37E00904CCF /* SelectListTableViewController.swift */,
			);
			name = Controller;
			sourceTree = "<group>";
		};
		FEA6028A1CAAEDC400904CCF /* Store */ = {
			isa = PBXGroup;
			children = (
			);
			name = Store;
			sourceTree = "<group>";
		};
		FEA6029B1CAB353A00904CCF /* New Group */ = {
			isa = PBXGroup;
			children = (
			);
			name = "New Group";
			sourceTree = "<group>";
		};
		FECAFC951CAA408C00656E63 = {
			isa = PBXGroup;
			children = (
				FECAFCA01CAA408D00656E63 /* PurpleGiftCandy */,
				FECAFCB51CAA408F00656E63 /* PurpleGiftCandyTests */,
				FECAFC9F1CAA408D00656E63 /* Products */,
				F1FCD8D421848DDF83BAC10A /* Pods */,
				A76A62D62A2FDBB80EDA56DD /* Frameworks */,
			);
			sourceTree = "<group>";
		};
		FECAFC9F1CAA408D00656E63 /* Products */ = {
			isa = PBXGroup;
			children = (
				FECAFC9E1CAA408D00656E63 /* PurpleGiftCandy.app */,
				FECAFCB21CAA408F00656E63 /* PurpleGiftCandyTests.xctest */,
			);
			name = Products;
			sourceTree = "<group>";
		};
		FECAFCA01CAA408D00656E63 /* PurpleGiftCandy */ = {
			isa = PBXGroup;
			children = (
				FEA6029B1CAB353A00904CCF /* New Group */,
				FEA6028A1CAAEDC400904CCF /* Store */,
				FEA602891CAAEDBE00904CCF /* Controller */,
				FEA602881CAAEDB200904CCF /* View */,
				FEA602871CAAED7600904CCF /* Model */,
				FECAFCA11CAA408D00656E63 /* AppDelegate.swift */,
				FECAFCA31CAA408D00656E63 /* ViewController.swift */,
				FECAFCA51CAA408D00656E63 /* Main.storyboard */,
				FECAFCA81CAA408D00656E63 /* Assets.xcassets */,
				FECAFCAA1CAA408D00656E63 /* LaunchScreen.storyboard */,
				FECAFCAD1CAA408D00656E63 /* Info.plist */,
				FEA6029C1CAB355800904CCF /* Utils.swift */,
				FEA602A61CAC8DD600904CCF /* Bridging.h */,
			);
			path = PurpleGiftCandy;
			sourceTree = "<group>";
		};
		FECAFCB51CAA408F00656E63 /* PurpleGiftCandyTests */ = {
			isa = PBXGroup;
			children = (
				FECAFCB61CAA408F00656E63 /* PurpleGiftCandyTests.swift */,
				FECAFCB81CAA408F00656E63 /* Info.plist */,
			);
			path = PurpleGiftCandyTests;
			sourceTree = "<group>";
		};
/* End PBXGroup section */

/* Begin PBXNativeTarget section */
		FECAFC9D1CAA408C00656E63 /* PurpleGiftCandy */ = {
			isa = PBXNativeTarget;
			buildConfigurationList = FECAFCBB1CAA408F00656E63 /* Build configuration list for PBXNativeTarget "PurpleGiftCandy" */;
			buildPhases = (
				F47E06D53168161C30AFEC63 /* 📦 Check Pods Manifest.lock */,
				FECAFC9A1CAA408C00656E63 /* Sources */,
				FECAFC9B1CAA408C00656E63 /* Frameworks */,
				FECAFC9C1CAA408C00656E63 /* Resources */,
				92B52FF38D910116D668E4C4 /* 📦 Embed Pods Frameworks */,
				5A095A36A4F764F2206A4A0E /* 📦 Copy Pods Resources */,
			);
			buildRules = (
			);
			dependencies = (
			);
			name = PurpleGiftCandy;
			productName = PurpleGiftCandy;
			productReference = FECAFC9E1CAA408D00656E63 /* PurpleGiftCandy.app */;
			productType = "com.apple.product-type.application";
		};
		FECAFCB11CAA408F00656E63 /* PurpleGiftCandyTests */ = {
			isa = PBXNativeTarget;
			buildConfigurationList = FECAFCBE1CAA408F00656E63 /* Build configuration list for PBXNativeTarget "PurpleGiftCandyTests" */;
			buildPhases = (
				77A3C3434B2A5F615C7BE0B9 /* 📦 Check Pods Manifest.lock */,
				FECAFCAE1CAA408F00656E63 /* Sources */,
				FECAFCAF1CAA408F00656E63 /* Frameworks */,
				FECAFCB01CAA408F00656E63 /* Resources */,
				C33B159A14B585BE27A4CB3D /* 📦 Embed Pods Frameworks */,
				9F2226221FAAAE657F67270B /* 📦 Copy Pods Resources */,
			);
			buildRules = (
			);
			dependencies = (
				FECAFCB41CAA408F00656E63 /* PBXTargetDependency */,
			);
			name = PurpleGiftCandyTests;
			productName = PurpleGiftCandyTests;
			productReference = FECAFCB21CAA408F00656E63 /* PurpleGiftCandyTests.xctest */;
			productType = "com.apple.product-type.bundle.unit-test";
		};
/* End PBXNativeTarget section */

/* Begin PBXProject section */
		FECAFC961CAA408C00656E63 /* Project object */ = {
			isa = PBXProject;
			attributes = {
				LastSwiftUpdateCheck = 0720;
				LastUpgradeCheck = 0720;
				ORGANIZATIONNAME = "Salam alyahya";
				TargetAttributes = {
					FECAFC9D1CAA408C00656E63 = {
						CreatedOnToolsVersion = 7.2.1;
					};
					FECAFCB11CAA408F00656E63 = {
						CreatedOnToolsVersion = 7.2.1;
						TestTargetID = FECAFC9D1CAA408C00656E63;
					};
				};
			};
			buildConfigurationList = FECAFC991CAA408C00656E63 /* Build configuration list for PBXProject "PurpleGiftCandy" */;
			compatibilityVersion = "Xcode 3.2";
			developmentRegion = English;
			hasScannedForEncodings = 0;
			knownRegions = (
				en,
				Base,
			);
			mainGroup = FECAFC951CAA408C00656E63;
			productRefGroup = FECAFC9F1CAA408D00656E63 /* Products */;
			projectDirPath = "";
			projectRoot = "";
			targets = (
				FECAFC9D1CAA408C00656E63 /* PurpleGiftCandy */,
				FECAFCB11CAA408F00656E63 /* PurpleGiftCandyTests */,
			);
		};
/* End PBXProject section */

/* Begin PBXResourcesBuildPhase section */
		FECAFC9C1CAA408C00656E63 /* Resources */ = {
			isa = PBXResourcesBuildPhase;
			buildActionMask = 2147483647;
			files = (
				FECAFCAC1CAA408D00656E63 /* LaunchScreen.storyboard in Resources */,
				FECAFCA91CAA408D00656E63 /* Assets.xcassets in Resources */,
				FECAFCA71CAA408D00656E63 /* Main.storyboard in Resources */,
			);
			runOnlyForDeploymentPostprocessing = 0;
		};
		FECAFCB01CAA408F00656E63 /* Resources */ = {
			isa = PBXResourcesBuildPhase;
			buildActionMask = 2147483647;
			files = (
			);
			runOnlyForDeploymentPostprocessing = 0;
		};
/* End PBXResourcesBuildPhase section */

/* Begin PBXShellScriptBuildPhase section */
		5A095A36A4F764F2206A4A0E /* 📦 Copy Pods Resources */ = {
			isa = PBXShellScriptBuildPhase;
			buildActionMask = 2147483647;
			files = (
			);
			inputPaths = (
			);
			name = "📦 Copy Pods Resources";
			outputPaths = (
			);
			runOnlyForDeploymentPostprocessing = 0;
			shellPath = /bin/sh;
			shellScript = "\"${SRCROOT}/Pods/Target Support Files/Pods-PurpleGiftCandy/Pods-PurpleGiftCandy-resources.sh\"\n";
			showEnvVarsInLog = 0;
		};
		77A3C3434B2A5F615C7BE0B9 /* 📦 Check Pods Manifest.lock */ = {
			isa = PBXShellScriptBuildPhase;
			buildActionMask = 2147483647;
			files = (
			);
			inputPaths = (
			);
			name = "📦 Check Pods Manifest.lock";
			outputPaths = (
			);
			runOnlyForDeploymentPostprocessing = 0;
			shellPath = /bin/sh;
			shellScript = "diff \"${PODS_ROOT}/../Podfile.lock\" \"${PODS_ROOT}/Manifest.lock\" > /dev/null\nif [[ $? != 0 ]] ; then\n    cat << EOM\nerror: The sandbox is not in sync with the Podfile.lock. Run 'pod install' or update your CocoaPods installation.\nEOM\n    exit 1\nfi\n";
			showEnvVarsInLog = 0;
		};
		92B52FF38D910116D668E4C4 /* 📦 Embed Pods Frameworks */ = {
			isa = PBXShellScriptBuildPhase;
			buildActionMask = 2147483647;
			files = (
			);
			inputPaths = (
			);
			name = "📦 Embed Pods Frameworks";
			outputPaths = (
			);
			runOnlyForDeploymentPostprocessing = 0;
			shellPath = /bin/sh;
			shellScript = "\"${SRCROOT}/Pods/Target Support Files/Pods-PurpleGiftCandy/Pods-PurpleGiftCandy-frameworks.sh\"\n";
			showEnvVarsInLog = 0;
		};
		9F2226221FAAAE657F67270B /* 📦 Copy Pods Resources */ = {
			isa = PBXShellScriptBuildPhase;
			buildActionMask = 2147483647;
			files = (
			);
			inputPaths = (
			);
			name = "📦 Copy Pods Resources";
			outputPaths = (
			);
			runOnlyForDeploymentPostprocessing = 0;
			shellPath = /bin/sh;
			shellScript = "\"${SRCROOT}/Pods/Target Support Files/Pods-PurpleGiftCandyTests/Pods-PurpleGiftCandyTests-resources.sh\"\n";
			showEnvVarsInLog = 0;
		};
		C33B159A14B585BE27A4CB3D /* 📦 Embed Pods Frameworks */ = {
			isa = PBXShellScriptBuildPhase;
			buildActionMask = 2147483647;
			files = (
			);
			inputPaths = (
			);
			name = "📦 Embed Pods Frameworks";
			outputPaths = (
			);
			runOnlyForDeploymentPostprocessing = 0;
			shellPath = /bin/sh;
			shellScript = "\"${SRCROOT}/Pods/Target Support Files/Pods-PurpleGiftCandyTests/Pods-PurpleGiftCandyTests-frameworks.sh\"\n";
			showEnvVarsInLog = 0;
		};
		F47E06D53168161C30AFEC63 /* 📦 Check Pods Manifest.lock */ = {
			isa = PBXShellScriptBuildPhase;
			buildActionMask = 2147483647;
			files = (
			);
			inputPaths = (
			);
			name = "📦 Check Pods Manifest.lock";
			outputPaths = (
			);
			runOnlyForDeploymentPostprocessing = 0;
			shellPath = /bin/sh;
			shellScript = "diff \"${PODS_ROOT}/../Podfile.lock\" \"${PODS_ROOT}/Manifest.lock\" > /dev/null\nif [[ $? != 0 ]] ; then\n    cat << EOM\nerror: The sandbox is not in sync with the Podfile.lock. Run 'pod install' or update your CocoaPods installation.\nEOM\n    exit 1\nfi\n";
			showEnvVarsInLog = 0;
		};
/* End PBXShellScriptBuildPhase section */

/* Begin PBXSourcesBuildPhase section */
		FECAFC9A1CAA408C00656E63 /* Sources */ = {
			isa = PBXSourcesBuildPhase;
			buildActionMask = 2147483647;
			files = (
				FECAFCA41CAA408D00656E63 /* ViewController.swift in Sources */,
				FEA602951CAB06B600904CCF /* GiftFeedTableViewCell.swift in Sources */,
				FEA602A31CAB5D9000904CCF /* FriendsTableViewController.swift in Sources */,
				FEA602A81CACE35A00904CCF /* NewGiftViewController.swift in Sources */,
				FECAFCA21CAA408D00656E63 /* AppDelegate.swift in Sources */,
				FEA602A11CAB5CC500904CCF /* FriendsTableViewCell.swift in Sources */,
				FEA6028E1CAAF03F00904CCF /* OccasionsTableViewController.swift in Sources */,
				FEA602921CAB012200904CCF /* Gift.swift in Sources */,
				FEA6029D1CAB355800904CCF /* Utils.swift in Sources */,
				FEA602AA1CACF37E00904CCF /* SelectListTableViewController.swift in Sources */,
				FEA6029F1CAB385B00904CCF /* ProfileViewController.swift in Sources */,
				FEA602991CAB2D6200904CCF /* User.swift in Sources */,
				FEA6028C1CAAEDFD00904CCF /* OccasionTableViewCell.swift in Sources */,
				FEA602A51CAB782F00904CCF /* OccasionViewController.swift in Sources */,
				FEA602901CAAF06E00904CCF /* Occasion.swift in Sources */,
				FEA602971CAB077C00904CCF /* FeedsTableViewController.swift in Sources */,
			);
			runOnlyForDeploymentPostprocessing = 0;
		};
		FECAFCAE1CAA408F00656E63 /* Sources */ = {
			isa = PBXSourcesBuildPhase;
			buildActionMask = 2147483647;
			files = (
				FECAFCB71CAA408F00656E63 /* PurpleGiftCandyTests.swift in Sources */,
				FEA602931CAB012200904CCF /* Gift.swift in Sources */,
				FEA6029A1CAB2D6200904CCF /* User.swift in Sources */,
			);
			runOnlyForDeploymentPostprocessing = 0;
		};
/* End PBXSourcesBuildPhase section */

/* Begin PBXTargetDependency section */
		FECAFCB41CAA408F00656E63 /* PBXTargetDependency */ = {
			isa = PBXTargetDependency;
			target = FECAFC9D1CAA408C00656E63 /* PurpleGiftCandy */;
			targetProxy = FECAFCB31CAA408F00656E63 /* PBXContainerItemProxy */;
		};
/* End PBXTargetDependency section */

/* Begin PBXVariantGroup section */
		FECAFCA51CAA408D00656E63 /* Main.storyboard */ = {
			isa = PBXVariantGroup;
			children = (
				FECAFCA61CAA408D00656E63 /* Base */,
			);
			name = Main.storyboard;
			sourceTree = "<group>";
		};
		FECAFCAA1CAA408D00656E63 /* LaunchScreen.storyboard */ = {
			isa = PBXVariantGroup;
			children = (
				FECAFCAB1CAA408D00656E63 /* Base */,
			);
			name = LaunchScreen.storyboard;
			sourceTree = "<group>";
		};
/* End PBXVariantGroup section */

/* Begin XCBuildConfiguration section */
		FECAFCB91CAA408F00656E63 /* Debug */ = {
			isa = XCBuildConfiguration;
			buildSettings = {
				ALWAYS_SEARCH_USER_PATHS = NO;
				CLANG_CXX_LANGUAGE_STANDARD = "gnu++0x";
				CLANG_CXX_LIBRARY = "libc++";
				CLANG_ENABLE_MODULES = YES;
				CLANG_ENABLE_OBJC_ARC = YES;
				CLANG_WARN_BOOL_CONVERSION = YES;
				CLANG_WARN_CONSTANT_CONVERSION = YES;
				CLANG_WARN_DIRECT_OBJC_ISA_USAGE = YES_ERROR;
				CLANG_WARN_EMPTY_BODY = YES;
				CLANG_WARN_ENUM_CONVERSION = YES;
				CLANG_WARN_INT_CONVERSION = YES;
				CLANG_WARN_OBJC_ROOT_CLASS = YES_ERROR;
				CLANG_WARN_UNREACHABLE_CODE = YES;
				CLANG_WARN__DUPLICATE_METHOD_MATCH = YES;
				"CODE_SIGN_IDENTITY[sdk=iphoneos*]" = "iPhone Developer";
				COPY_PHASE_STRIP = NO;
				DEBUG_INFORMATION_FORMAT = dwarf;
				ENABLE_STRICT_OBJC_MSGSEND = YES;
				ENABLE_TESTABILITY = YES;
				GCC_C_LANGUAGE_STANDARD = gnu99;
				GCC_DYNAMIC_NO_PIC = NO;
				GCC_NO_COMMON_BLOCKS = YES;
				GCC_OPTIMIZATION_LEVEL = 0;
				GCC_PREPROCESSOR_DEFINITIONS = (
					"DEBUG=1",
					"$(inherited)",
				);
				GCC_WARN_64_TO_32_BIT_CONVERSION = YES;
				GCC_WARN_ABOUT_RETURN_TYPE = YES_ERROR;
				GCC_WARN_UNDECLARED_SELECTOR = YES;
				GCC_WARN_UNINITIALIZED_AUTOS = YES_AGGRESSIVE;
				GCC_WARN_UNUSED_FUNCTION = YES;
				GCC_WARN_UNUSED_VARIABLE = YES;
				IPHONEOS_DEPLOYMENT_TARGET = 9.2;
				MTL_ENABLE_DEBUG_INFO = YES;
				ONLY_ACTIVE_ARCH = YES;
				SDKROOT = iphoneos;
				SWIFT_OPTIMIZATION_LEVEL = "-Onone";
			};
			name = Debug;
		};
		FECAFCBA1CAA408F00656E63 /* Release */ = {
			isa = XCBuildConfiguration;
			buildSettings = {
				ALWAYS_SEARCH_USER_PATHS = NO;
				CLANG_CXX_LANGUAGE_STANDARD = "gnu++0x";
				CLANG_CXX_LIBRARY = "libc++";
				CLANG_ENABLE_MODULES = YES;
				CLANG_ENABLE_OBJC_ARC = YES;
				CLANG_WARN_BOOL_CONVERSION = YES;
				CLANG_WARN_CONSTANT_CONVERSION = YES;
				CLANG_WARN_DIRECT_OBJC_ISA_USAGE = YES_ERROR;
				CLANG_WARN_EMPTY_BODY = YES;
				CLANG_WARN_ENUM_CONVERSION = YES;
				CLANG_WARN_INT_CONVERSION = YES;
				CLANG_WARN_OBJC_ROOT_CLASS = YES_ERROR;
				CLANG_WARN_UNREACHABLE_CODE = YES;
				CLANG_WARN__DUPLICATE_METHOD_MATCH = YES;
				"CODE_SIGN_IDENTITY[sdk=iphoneos*]" = "iPhone Developer";
				COPY_PHASE_STRIP = NO;
				DEBUG_INFORMATION_FORMAT = "dwarf-with-dsym";
				ENABLE_NS_ASSERTIONS = NO;
				ENABLE_STRICT_OBJC_MSGSEND = YES;
				GCC_C_LANGUAGE_STANDARD = gnu99;
				GCC_NO_COMMON_BLOCKS = YES;
				GCC_WARN_64_TO_32_BIT_CONVERSION = YES;
				GCC_WARN_ABOUT_RETURN_TYPE = YES_ERROR;
				GCC_WARN_UNDECLARED_SELECTOR = YES;
				GCC_WARN_UNINITIALIZED_AUTOS = YES_AGGRESSIVE;
				GCC_WARN_UNUSED_FUNCTION = YES;
				GCC_WARN_UNUSED_VARIABLE = YES;
				IPHONEOS_DEPLOYMENT_TARGET = 9.2;
				MTL_ENABLE_DEBUG_INFO = NO;
				SDKROOT = iphoneos;
				VALIDATE_PRODUCT = YES;
			};
			name = Release;
		};
		FECAFCBC1CAA408F00656E63 /* Debug */ = {
			isa = XCBuildConfiguration;
			baseConfigurationReference = B9F72AB30D6F2EBDB6F5737D /* Pods-PurpleGiftCandy.debug.xcconfig */;
			buildSettings = {
				ALWAYS_SEARCH_USER_PATHS = NO;
				ASSETCATALOG_COMPILER_APPICON_NAME = AppIcon;
				INFOPLIST_FILE = PurpleGiftCandy/Info.plist;
				LD_RUNPATH_SEARCH_PATHS = "$(inherited) @executable_path/Frameworks";
				PRODUCT_BUNDLE_IDENTIFIER = com.OneTech3.PurpleGiftCandy;
				PRODUCT_NAME = "$(TARGET_NAME)";
				SWIFT_OBJC_BRIDGING_HEADER = PurpleGiftCandy/Bridging.h;
			};
			name = Debug;
		};
		FECAFCBD1CAA408F00656E63 /* Release */ = {
			isa = XCBuildConfiguration;
			baseConfigurationReference = 00C343BD611A412784CF9961 /* Pods-PurpleGiftCandy.release.xcconfig */;
			buildSettings = {
				ALWAYS_SEARCH_USER_PATHS = NO;
				ASSETCATALOG_COMPILER_APPICON_NAME = AppIcon;
				INFOPLIST_FILE = PurpleGiftCandy/Info.plist;
				LD_RUNPATH_SEARCH_PATHS = "$(inherited) @executable_path/Frameworks";
				PRODUCT_BUNDLE_IDENTIFIER = com.OneTech3.PurpleGiftCandy;
				PRODUCT_NAME = "$(TARGET_NAME)";
				SWIFT_OBJC_BRIDGING_HEADER = PurpleGiftCandy/Bridging.h;
			};
			name = Release;
		};
		FECAFCBF1CAA408F00656E63 /* Debug */ = {
			isa = XCBuildConfiguration;
			buildSettings = {
				BUNDLE_LOADER = "$(TEST_HOST)";
				INFOPLIST_FILE = PurpleGiftCandyTests/Info.plist;
				LD_RUNPATH_SEARCH_PATHS = "$(inherited) @executable_path/Frameworks @loader_path/Frameworks";
				PRODUCT_BUNDLE_IDENTIFIER = com.OneTech3.PurpleGiftCandyTests;
				PRODUCT_NAME = "$(TARGET_NAME)";
				TEST_HOST = "$(BUILT_PRODUCTS_DIR)/PurpleGiftCandy.app/PurpleGiftCandy";
			};
			name = Debug;
		};
		FECAFCC01CAA408F00656E63 /* Release */ = {
			isa = XCBuildConfiguration;
			buildSettings = {
				BUNDLE_LOADER = "$(TEST_HOST)";
				INFOPLIST_FILE = PurpleGiftCandyTests/Info.plist;
				LD_RUNPATH_SEARCH_PATHS = "$(inherited) @executable_path/Frameworks @loader_path/Frameworks";
				PRODUCT_BUNDLE_IDENTIFIER = com.OneTech3.PurpleGiftCandyTests;
				PRODUCT_NAME = "$(TARGET_NAME)";
				TEST_HOST = "$(BUILT_PRODUCTS_DIR)/PurpleGiftCandy.app/PurpleGiftCandy";
			};
			name = Release;
		};
/* End XCBuildConfiguration section */

/* Begin XCConfigurationList section */
		FECAFC991CAA408C00656E63 /* Build configuration list for PBXProject "PurpleGiftCandy" */ = {
			isa = XCConfigurationList;
			buildConfigurations = (
				FECAFCB91CAA408F00656E63 /* Debug */,
				FECAFCBA1CAA408F00656E63 /* Release */,
			);
			defaultConfigurationIsVisible = 0;
			defaultConfigurationName = Release;
		};
		FECAFCBB1CAA408F00656E63 /* Build configuration list for PBXNativeTarget "PurpleGiftCandy" */ = {
			isa = XCConfigurationList;
			buildConfigurations = (
				FECAFCBC1CAA408F00656E63 /* Debug */,
				FECAFCBD1CAA408F00656E63 /* Release */,
			);
			defaultConfigurationIsVisible = 0;
			defaultConfigurationName = Release;
		};
		FECAFCBE1CAA408F00656E63 /* Build configuration list for PBXNativeTarget "PurpleGiftCandyTests" */ = {
			isa = XCConfigurationList;
			buildConfigurations = (
				FECAFCBF1CAA408F00656E63 /* Debug */,
				FECAFCC01CAA408F00656E63 /* Release */,
			);
			defaultConfigurationIsVisible = 0;
			defaultConfigurationName = Release;
		};
/* End XCConfigurationList section */
	};
	rootObject = FECAFC961CAA408C00656E63 /* Project object */;
}
